// !$*UTF8*$!
{
	archiveVersion = 1;
	classes = {
	};
	objectVersion = 90;
	objects = {

/* Begin PBXBuildFile section */
		0C1C9DD2DB8B6C95CC6C1295 /* RuntimeVerificationReportWriter.swift in Sources */ = {isa = PBXBuildFile; fileRef = 6CE5A06FD66D0421B4FCDB73 /* RuntimeVerificationReportWriter.swift */; };
		15FFBF0DF73C011FD03FC62F /* PowerPointWindowScanner.swift in Sources */ = {isa = PBXBuildFile; fileRef = 429088ABAAB561CE5382EE67 /* PowerPointWindowScanner.swift */; };
		170B4EBB32FCC514A6F1DD12 /* RuntimeVerificationPermissionPolicy.swift in Sources */ = {isa = PBXBuildFile; fileRef = 4DE751E95121001B5CC8751E /* RuntimeVerificationPermissionPolicy.swift */; };
		1C738559CA669F8BB7BC0D5B /* TranscriptionProvider.swift in Sources */ = {isa = PBXBuildFile; fileRef = A4614FE7EC712603B67D3964 /* TranscriptionProvider.swift */; };
		1CFEB3D0827FEABA39C4E7F9 /* RuntimeVerificationWindowSelectorTests.swift in Sources */ = {isa = PBXBuildFile; fileRef = B67ED979FFCBC3875345D1B6 /* RuntimeVerificationWindowSelectorTests.swift */; };
		21DC587215C72D20CEA81EB2 /* RuntimeVerificationPermissionPolicyTests.swift in Sources */ = {isa = PBXBuildFile; fileRef = F3C2C608ADD9A862BE8A054E /* RuntimeVerificationPermissionPolicyTests.swift */; };
		3135AFAA4AAC399B9D13D2D8 /* ScreenCaptureSetupPolicyTests.swift in Sources */ = {isa = PBXBuildFile; fileRef = CF5656CA14C9CC8E0001F8F6 /* ScreenCaptureSetupPolicyTests.swift */; };
		31539E4CAE08EA991E8C7CB0 /* LectureBoardCore in Frameworks */ = {isa = PBXBuildFile; productRef = 0EB3F3B07961AFF36A2CE4ED /* LectureBoardCore */; };
		32B0BAD8455006EF069C6262 /* AppleSpeechRecognizerProvider.swift in Sources */ = {isa = PBXBuildFile; fileRef = DEB9CFDB562CEB858A6223A5 /* AppleSpeechRecognizerProvider.swift */; };
		53537409C4AF944D620CEEE3 /* CaptureLifecycleTests.swift in Sources */ = {isa = PBXBuildFile; fileRef = 42C9215A5BA5559FDF4EE0E2 /* CaptureLifecycleTests.swift */; };
		5761707899B7C6D6AA9990B0 /* RuntimeVerificationLaunchPolicyTests.swift in Sources */ = {isa = PBXBuildFile; fileRef = 23F13F8B70B77EDF54B1C9C1 /* RuntimeVerificationLaunchPolicyTests.swift */; };
		58032BACDC7958B9DF1816E7 /* LocalizationResourceTests.swift in Sources */ = {isa = PBXBuildFile; fileRef = 1A260C8874F1DCC60F8B435B /* LocalizationResourceTests.swift */; };
		5F3046B9FDDCA5989CE8FC26 /* MainView.swift in Sources */ = {isa = PBXBuildFile; fileRef = 07B930BC193AF01B1D2DCD92 /* MainView.swift */; };
		5FCFB9CC3030B9EA0311AB64 /* LectureBoardAIApp.swift in Sources */ = {isa = PBXBuildFile; fileRef = 2FA791C51645A1AC2C207D65 /* LectureBoardAIApp.swift */; };
		62E4D20F0F695EFC53BD25FF /* RuntimeVerificationApplicationDelegate.swift in Sources */ = {isa = PBXBuildFile; fileRef = A34351EA1ADCD2D88705AB4E /* RuntimeVerificationApplicationDelegate.swift */; };
		688BEC5EF09CC3DB0CD7A231 /* SettingsView.swift in Sources */ = {isa = PBXBuildFile; fileRef = AD2FBD20EAAA499EF3E13F42 /* SettingsView.swift */; };
		7A73BFDCA604A4E2603BF2D2 /* PermissionServiceTests.swift in Sources */ = {isa = PBXBuildFile; fileRef = F6E833C97DC00FE614908CF0 /* PermissionServiceTests.swift */; };
		7D0F7C013D60CAF470AB49D3 /* CaptureControlPolicy.swift in Sources */ = {isa = PBXBuildFile; fileRef = 019E6AC260CFEF3D74B974DA /* CaptureControlPolicy.swift */; };
		8101E217E14EB3CD58DCC807 /* AppModel.swift in Sources */ = {isa = PBXBuildFile; fileRef = F453CD2C95C2282F00144BE6 /* AppModel.swift */; };
		870663B764FE1F02EDD9165D /* RuntimeVerificationSnapshotProjector.swift in Sources */ = {isa = PBXBuildFile; fileRef = 9C4BEFE7878AD8CA03EE430A /* RuntimeVerificationSnapshotProjector.swift */; };
		9090BCC90A84A8C83D6F189B /* RuntimeVerificationRunner.swift in Sources */ = {isa = PBXBuildFile; fileRef = C2A933ACEEBCE6CE87BD3D07 /* RuntimeVerificationRunner.swift */; };
		962ACFE2A3B95063564923E7 /* ScreenCaptureSetupPolicy.swift in Sources */ = {isa = PBXBuildFile; fileRef = 0302CA2C3C1FD7E8E62412FB /* ScreenCaptureSetupPolicy.swift */; };
		A94CFE60E848E7A8640904F8 /* AppContentChangeIntegrationTests.swift in Sources */ = {isa = PBXBuildFile; fileRef = A278657D170BEE56FC7CA483 /* AppContentChangeIntegrationTests.swift */; };
		AC53C9C8222F10B0AA4376BC /* Localizable.strings in Resources */ = {isa = PBXBuildFile; fileRef = 2D90DEE7480CF5D2E10E8C89 /* Localizable.strings */; };
		B9CE3E736D7119F11F2F8E43 /* PowerPointWindowIdentityTests.swift in Sources */ = {isa = PBXBuildFile; fileRef = E78A6B7F5758FCB240CA36DA /* PowerPointWindowIdentityTests.swift */; };
		BCCABA8DA4C54B7098EC2786 /* BoardPreviewView.swift in Sources */ = {isa = PBXBuildFile; fileRef = 1A63E414F9808AC19E488E50 /* BoardPreviewView.swift */; };
		C03D6DDCDD59F00FA72354B2 /* BoardSceneView.swift in Sources */ = {isa = PBXBuildFile; fileRef = 05E93A3CA108A8AC8C8696E3 /* BoardSceneView.swift */; };
		C1E5CF6CF8A5B98C6408571D /* CaptureDeliveryMetricsTests.swift in Sources */ = {isa = PBXBuildFile; fileRef = 66D800008C4AA26556CF4B74 /* CaptureDeliveryMetricsTests.swift */; };
		C7B05EF9776D9F2B71FEDDA6 /* RuntimeVerificationWindowSelector.swift in Sources */ = {isa = PBXBuildFile; fileRef = D69D068382DE470573027124 /* RuntimeVerificationWindowSelector.swift */; };
		CEDB5ACD9C3AC7C25D9D68E8 /* DigitalInkStyle.swift in Sources */ = {isa = PBXBuildFile; fileRef = 9B499872216DD6E899C79E0C /* DigitalInkStyle.swift */; };
		CF826F4110B15951FC312EA1 /* OverlayWindowController.swift in Sources */ = {isa = PBXBuildFile; fileRef = A5573FE4ABFD2053A04418C2 /* OverlayWindowController.swift */; };
		D246E75CC4EC3135D57F194F /* RuntimeVerificationHostView.swift in Sources */ = {isa = PBXBuildFile; fileRef = 55A345C0DC1E4887ADBE0CC9 /* RuntimeVerificationHostView.swift */; };
		D2928CBE9C5434FD2164CA68 /* DemoBoardSceneFactory.swift in Sources */ = {isa = PBXBuildFile; fileRef = E04EF776DA4EBC416EA06D9D /* DemoBoardSceneFactory.swift */; };
		DD91F76CC3DA3E2EF12AC7C0 /* SlideVisionAnalyzer.swift in Sources */ = {isa = PBXBuildFile; fileRef = D151DFBB724F1F892CF322C3 /* SlideVisionAnalyzer.swift */; };
		E574DF31282514A1E8639F81 /* CGImageRasterizerTests.swift in Sources */ = {isa = PBXBuildFile; fileRef = EE3481B81CFD853D292EFE12 /* CGImageRasterizerTests.swift */; };
		E904C6056388B007AD5463BF /* PermissionService.swift in Sources */ = {isa = PBXBuildFile; fileRef = AC0C298019BDB7A1A84A3DE9 /* PermissionService.swift */; };
		F1B2904112B349E990E8D233 /* RuntimeVerificationSnapshotProjectorTests.swift in Sources */ = {isa = PBXBuildFile; fileRef = D97ECBF169A76FA69A221EE0 /* RuntimeVerificationSnapshotProjectorTests.swift */; };
		F1FEBFE97ACB4D8D35C3E2B2 /* AppModelPermissionTests.swift in Sources */ = {isa = PBXBuildFile; fileRef = 2FC879B22ADEB760BE850009 /* AppModelPermissionTests.swift */; };
		F399B14580089526F78D48EE /* SlideVisionAnalyzerTests.swift in Sources */ = {isa = PBXBuildFile; fileRef = 402B0930A4297FE5E924C6C1 /* SlideVisionAnalyzerTests.swift */; };
		F750959DD0EF234E3C9741D1 /* CGImageRasterizer.swift in Sources */ = {isa = PBXBuildFile; fileRef = E27AF28CC1C1B769574C1FDC /* CGImageRasterizer.swift */; };
		F891F282AEFE78BA51F7731B /* CaptureControlPolicyTests.swift in Sources */ = {isa = PBXBuildFile; fileRef = 192DFEC86F8158C07F62928F /* CaptureControlPolicyTests.swift */; };
		FA8A091FE570FCED26DDDE9E /* CaptureDeliveryMetrics.swift in Sources */ = {isa = PBXBuildFile; fileRef = F2F5A3F602842353D19BC808 /* CaptureDeliveryMetrics.swift */; };
		FB6E814A1A2348D441594CAD /* PowerPointWindowCapture.swift in Sources */ = {isa = PBXBuildFile; fileRef = 36EBA2242EDDEAFFC9EC70E3 /* PowerPointWindowCapture.swift */; };
/* End PBXBuildFile section */

/* Begin PBXContainerItemProxy section */
		311158B26F7CC924E3A9B9D3 /* PBXContainerItemProxy */ = {
			isa = PBXContainerItemProxy;
			containerPortal = B11498035DC6233EB2CE5CAD /* Project object */;
			proxyType = 1;
			remoteGlobalIDString = DEDBB62048684E7ECE339680;
			remoteInfo = LectureBoardAI;
		};
/* End PBXContainerItemProxy section */

/* Begin PBXFileReference section */
		019E6AC260CFEF3D74B974DA /* CaptureControlPolicy.swift */ = {isa = PBXFileReference; lastKnownFileType = sourcecode.swift; path = CaptureControlPolicy.swift; sourceTree = "<group>"; };
		0302CA2C3C1FD7E8E62412FB /* ScreenCaptureSetupPolicy.swift */ = {isa = PBXFileReference; lastKnownFileType = sourcecode.swift; path = ScreenCaptureSetupPolicy.swift; sourceTree = "<group>"; };
		05E93A3CA108A8AC8C8696E3 /* BoardSceneView.swift */ = {isa = PBXFileReference; lastKnownFileType = sourcecode.swift; path = BoardSceneView.swift; sourceTree = "<group>"; };
		07B930BC193AF01B1D2DCD92 /* MainView.swift */ = {isa = PBXFileReference; lastKnownFileType = sourcecode.swift; path = MainView.swift; sourceTree = "<group>"; };
		1003BAC593ADA5F767C7421F /* LectureBoardCore */ = {isa = PBXFileReference; lastKnownFileType = folder; name = LectureBoardCore; path = Packages/LectureBoardCore; sourceTree = SOURCE_ROOT; };
		123F3F9F12EBE7BBC381195F /* LectureBoardAI.app */ = {isa = PBXFileReference; explicitFileType = wrapper.application; includeInIndex = 0; path = LectureBoardAI.app; sourceTree = BUILT_PRODUCTS_DIR; };
		192DFEC86F8158C07F62928F /* CaptureControlPolicyTests.swift */ = {isa = PBXFileReference; lastKnownFileType = sourcecode.swift; path = CaptureControlPolicyTests.swift; sourceTree = "<group>"; };
		1A260C8874F1DCC60F8B435B /* LocalizationResourceTests.swift */ = {isa = PBXFileReference; lastKnownFileType = sourcecode.swift; path = LocalizationResourceTests.swift; sourceTree = "<group>"; };
		1A63E414F9808AC19E488E50 /* BoardPreviewView.swift */ = {isa = PBXFileReference; lastKnownFileType = sourcecode.swift; path = BoardPreviewView.swift; sourceTree = "<group>"; };
		20F2BB381CD97FBF611B74A8 /* LectureBoardAITests.xctest */ = {isa = PBXFileReference; explicitFileType = wrapper.cfbundle; includeInIndex = 0; path = LectureBoardAITests.xctest; sourceTree = BUILT_PRODUCTS_DIR; };
		23F13F8B70B77EDF54B1C9C1 /* RuntimeVerificationLaunchPolicyTests.swift */ = {isa = PBXFileReference; lastKnownFileType = sourcecode.swift; path = RuntimeVerificationLaunchPolicyTests.swift; sourceTree = "<group>"; };
		2FA791C51645A1AC2C207D65 /* LectureBoardAIApp.swift */ = {isa = PBXFileReference; lastKnownFileType = sourcecode.swift; path = LectureBoardAIApp.swift; sourceTree = "<group>"; };
		2FC879B22ADEB760BE850009 /* AppModelPermissionTests.swift */ = {isa = PBXFileReference; lastKnownFileType = sourcecode.swift; path = AppModelPermissionTests.swift; sourceTree = "<group>"; };
		36EBA2242EDDEAFFC9EC70E3 /* PowerPointWindowCapture.swift */ = {isa = PBXFileReference; lastKnownFileType = sourcecode.swift; path = PowerPointWindowCapture.swift; sourceTree = "<group>"; };
		402B0930A4297FE5E924C6C1 /* SlideVisionAnalyzerTests.swift */ = {isa = PBXFileReference; lastKnownFileType = sourcecode.swift; path = SlideVisionAnalyzerTests.swift; sourceTree = "<group>"; };
		429088ABAAB561CE5382EE67 /* PowerPointWindowScanner.swift */ = {isa = PBXFileReference; lastKnownFileType = sourcecode.swift; path = PowerPointWindowScanner.swift; sourceTree = "<group>"; };
		42C9215A5BA5559FDF4EE0E2 /* CaptureLifecycleTests.swift */ = {isa = PBXFileReference; lastKnownFileType = sourcecode.swift; path = CaptureLifecycleTests.swift; sourceTree = "<group>"; };
		4DE751E95121001B5CC8751E /* RuntimeVerificationPermissionPolicy.swift */ = {isa = PBXFileReference; lastKnownFileType = sourcecode.swift; path = RuntimeVerificationPermissionPolicy.swift; sourceTree = "<group>"; };
		55A345C0DC1E4887ADBE0CC9 /* RuntimeVerificationHostView.swift */ = {isa = PBXFileReference; lastKnownFileType = sourcecode.swift; path = RuntimeVerificationHostView.swift; sourceTree = "<group>"; };
		66D800008C4AA26556CF4B74 /* CaptureDeliveryMetricsTests.swift */ = {isa = PBXFileReference; lastKnownFileType = sourcecode.swift; path = CaptureDeliveryMetricsTests.swift; sourceTree = "<group>"; };
		6CE5A06FD66D0421B4FCDB73 /* RuntimeVerificationReportWriter.swift */ = {isa = PBXFileReference; lastKnownFileType = sourcecode.swift; path = RuntimeVerificationReportWriter.swift; sourceTree = "<group>"; };
		9B499872216DD6E899C79E0C /* DigitalInkStyle.swift */ = {isa = PBXFileReference; lastKnownFileType = sourcecode.swift; path = DigitalInkStyle.swift; sourceTree = "<group>"; };
		9C4BEFE7878AD8CA03EE430A /* RuntimeVerificationSnapshotProjector.swift */ = {isa = PBXFileReference; lastKnownFileType = sourcecode.swift; path = RuntimeVerificationSnapshotProjector.swift; sourceTree = "<group>"; };
		A278657D170BEE56FC7CA483 /* AppContentChangeIntegrationTests.swift */ = {isa = PBXFileReference; lastKnownFileType = sourcecode.swift; path = AppContentChangeIntegrationTests.swift; sourceTree = "<group>"; };
		A34351EA1ADCD2D88705AB4E /* RuntimeVerificationApplicationDelegate.swift */ = {isa = PBXFileReference; lastKnownFileType = sourcecode.swift; path = RuntimeVerificationApplicationDelegate.swift; sourceTree = "<group>"; };
		A4614FE7EC712603B67D3964 /* TranscriptionProvider.swift */ = {isa = PBXFileReference; lastKnownFileType = sourcecode.swift; path = TranscriptionProvider.swift; sourceTree = "<group>"; };
		A5573FE4ABFD2053A04418C2 /* OverlayWindowController.swift */ = {isa = PBXFileReference; lastKnownFileType = sourcecode.swift; path = OverlayWindowController.swift; sourceTree = "<group>"; };
		AC0C298019BDB7A1A84A3DE9 /* PermissionService.swift */ = {isa = PBXFileReference; lastKnownFileType = sourcecode.swift; path = PermissionService.swift; sourceTree = "<group>"; };
		AD2FBD20EAAA499EF3E13F42 /* SettingsView.swift */ = {isa = PBXFileReference; lastKnownFileType = sourcecode.swift; path = SettingsView.swift; sourceTree = "<group>"; };
		B67ED979FFCBC3875345D1B6 /* RuntimeVerificationWindowSelectorTests.swift */ = {isa = PBXFileReference; lastKnownFileType = sourcecode.swift; path = RuntimeVerificationWindowSelectorTests.swift; sourceTree = "<group>"; };
		BB48E27694DDD7D750304ECA /* en */ = {isa = PBXFileReference; lastKnownFileType = text.plist.strings; name = en; path = en.lproj/Localizable.strings; sourceTree = "<group>"; };
		C2A933ACEEBCE6CE87BD3D07 /* RuntimeVerificationRunner.swift */ = {isa = PBXFileReference; lastKnownFileType = sourcecode.swift; path = RuntimeVerificationRunner.swift; sourceTree = "<group>"; };
		C8848AFFCB2883C4DBFC994F /* ja */ = {isa = PBXFileReference; lastKnownFileType = text.plist.strings; name = ja; path = ja.lproj/Localizable.strings; sourceTree = "<group>"; };
		CF5656CA14C9CC8E0001F8F6 /* ScreenCaptureSetupPolicyTests.swift */ = {isa = PBXFileReference; lastKnownFileType = sourcecode.swift; path = ScreenCaptureSetupPolicyTests.swift; sourceTree = "<group>"; };
		D151DFBB724F1F892CF322C3 /* SlideVisionAnalyzer.swift */ = {isa = PBXFileReference; lastKnownFileType = sourcecode.swift; path = SlideVisionAnalyzer.swift; sourceTree = "<group>"; };
		D69D068382DE470573027124 /* RuntimeVerificationWindowSelector.swift */ = {isa = PBXFileReference; lastKnownFileType = sourcecode.swift; path = RuntimeVerificationWindowSelector.swift; sourceTree = "<group>"; };
		D97ECBF169A76FA69A221EE0 /* RuntimeVerificationSnapshotProjectorTests.swift */ = {isa = PBXFileReference; lastKnownFileType = sourcecode.swift; path = RuntimeVerificationSnapshotProjectorTests.swift; sourceTree = "<group>"; };
		DEB9CFDB562CEB858A6223A5 /* AppleSpeechRecognizerProvider.swift */ = {isa = PBXFileReference; lastKnownFileType = sourcecode.swift; path = AppleSpeechRecognizerProvider.swift; sourceTree = "<group>"; };
		E04EF776DA4EBC416EA06D9D /* DemoBoardSceneFactory.swift */ = {isa = PBXFileReference; lastKnownFileType = sourcecode.swift; path = DemoBoardSceneFactory.swift; sourceTree = "<group>"; };
		E27AF28CC1C1B769574C1FDC /* CGImageRasterizer.swift */ = {isa = PBXFileReference; lastKnownFileType = sourcecode.swift; path = CGImageRasterizer.swift; sourceTree = "<group>"; };
		E78A6B7F5758FCB240CA36DA /* PowerPointWindowIdentityTests.swift */ = {isa = PBXFileReference; lastKnownFileType = sourcecode.swift; path = PowerPointWindowIdentityTests.swift; sourceTree = "<group>"; };
		EE3481B81CFD853D292EFE12 /* CGImageRasterizerTests.swift */ = {isa = PBXFileReference; lastKnownFileType = sourcecode.swift; path = CGImageRasterizerTests.swift; sourceTree = "<group>"; };
		F2F5A3F602842353D19BC808 /* CaptureDeliveryMetrics.swift */ = {isa = PBXFileReference; lastKnownFileType = sourcecode.swift; path = CaptureDeliveryMetrics.swift; sourceTree = "<group>"; };
		F3C2C608ADD9A862BE8A054E /* RuntimeVerificationPermissionPolicyTests.swift */ = {isa = PBXFileReference; lastKnownFileType = sourcecode.swift; path = RuntimeVerificationPermissionPolicyTests.swift; sourceTree = "<group>"; };
		F453CD2C95C2282F00144BE6 /* AppModel.swift */ = {isa = PBXFileReference; lastKnownFileType = sourcecode.swift; path = AppModel.swift; sourceTree = "<group>"; };
		F6E833C97DC00FE614908CF0 /* PermissionServiceTests.swift */ = {isa = PBXFileReference; lastKnownFileType = sourcecode.swift; path = PermissionServiceTests.swift; sourceTree = "<group>"; };
/* End PBXFileReference section */

/* Begin PBXFrameworksBuildPhase section */
		8503B846AC44DAE88CE07349 /* Frameworks */ = {
			isa = PBXFrameworksBuildPhase;
			buildActionMask = 2147483647;
			files = (
				31539E4CAE08EA991E8C7CB0 /* LectureBoardCore in Frameworks */,
			);
			runOnlyForDeploymentPostprocessing = 0;
		};
/* End PBXFrameworksBuildPhase section */

/* Begin PBXGroup section */
		10E35A4985AE92693F6DBD87 /* Views */ = {
			isa = PBXGroup;
			children = (
				1A63E414F9808AC19E488E50 /* BoardPreviewView.swift */,
				07B930BC193AF01B1D2DCD92 /* MainView.swift */,
				AD2FBD20EAAA499EF3E13F42 /* SettingsView.swift */,
			);
			path = Views;
			sourceTree = "<group>";
		};
		31F779AE921628308DF761DC /* RuntimeVerification */ = {
			isa = PBXGroup;
			children = (
				A34351EA1ADCD2D88705AB4E /* RuntimeVerificationApplicationDelegate.swift */,
				55A345C0DC1E4887ADBE0CC9 /* RuntimeVerificationHostView.swift */,
				4DE751E95121001B5CC8751E /* RuntimeVerificationPermissionPolicy.swift */,
				6CE5A06FD66D0421B4FCDB73 /* RuntimeVerificationReportWriter.swift */,
				C2A933ACEEBCE6CE87BD3D07 /* RuntimeVerificationRunner.swift */,
				9C4BEFE7878AD8CA03EE430A /* RuntimeVerificationSnapshotProjector.swift */,
				D69D068382DE470573027124 /* RuntimeVerificationWindowSelector.swift */,
			);
			path = RuntimeVerification;
			sourceTree = "<group>";
		};
		4568A8C5082739797AD2E31D /* Packages */ = {
			isa = PBXGroup;
			children = (
				1003BAC593ADA5F767C7421F /* LectureBoardCore */,
			);
			path = Packages;
			sourceTree = "<group>";
		};
		5626F39D2A830DBA83B08042 /* Sources */ = {
			isa = PBXGroup;
			children = (
				0302CA2C3C1FD7E8E62412FB /* ScreenCaptureSetupPolicy.swift */,
				D23D7859A4951727FAE71673 /* App */,
				D8AB5B7E676BFCBB5999DC02 /* Rendering */,
				31F779AE921628308DF761DC /* RuntimeVerification */,
				E935C0E20C7DDEA9D4E288B7 /* Services */,
				10E35A4985AE92693F6DBD87 /* Views */,
			);
			path = Sources;
			sourceTree = "<group>";
		};
		5B5129B2B471663AABBBB05C /* Image */ = {
			isa = PBXGroup;
			children = (
				E27AF28CC1C1B769574C1FDC /* CGImageRasterizer.swift */,
			);
			path = Image;
			sourceTree = "<group>";
		};
		64736CA4C49959181B437FC3 /* Products */ = {
			isa = PBXGroup;
			children = (
				123F3F9F12EBE7BBC381195F /* LectureBoardAI.app */,
				20F2BB381CD97FBF611B74A8 /* LectureBoardAITests.xctest */,
			);
			name = Products;
			sourceTree = "<group>";
		};
		658535333DA19004BBB845A4 /* Resources */ = {
			isa = PBXGroup;
			children = (
				2D90DEE7480CF5D2E10E8C89 /* Localizable.strings */,
			);
			path = Resources;
			sourceTree = "<group>";
		};
		957ECFCC42D3F06FCAC0F49D /* Transcription */ = {
			isa = PBXGroup;
			children = (
				DEB9CFDB562CEB858A6223A5 /* AppleSpeechRecognizerProvider.swift */,
				A4614FE7EC712603B67D3964 /* TranscriptionProvider.swift */,
			);
			path = Transcription;
			sourceTree = "<group>";
		};
		AC3829D4703268AC02D433EE /* Vision */ = {
			isa = PBXGroup;
			children = (
				D151DFBB724F1F892CF322C3 /* SlideVisionAnalyzer.swift */,
			);
			path = Vision;
			sourceTree = "<group>";
		};
		BAC09F1628C24FC26CA969B3 /* Tests */ = {
			isa = PBXGroup;
			children = (
				A278657D170BEE56FC7CA483 /* AppContentChangeIntegrationTests.swift */,
				2FC879B22ADEB760BE850009 /* AppModelPermissionTests.swift */,
				192DFEC86F8158C07F62928F /* CaptureControlPolicyTests.swift */,
				66D800008C4AA26556CF4B74 /* CaptureDeliveryMetricsTests.swift */,
				42C9215A5BA5559FDF4EE0E2 /* CaptureLifecycleTests.swift */,
				EE3481B81CFD853D292EFE12 /* CGImageRasterizerTests.swift */,
				1A260C8874F1DCC60F8B435B /* LocalizationResourceTests.swift */,
				F6E833C97DC00FE614908CF0 /* PermissionServiceTests.swift */,
				E78A6B7F5758FCB240CA36DA /* PowerPointWindowIdentityTests.swift */,
				23F13F8B70B77EDF54B1C9C1 /* RuntimeVerificationLaunchPolicyTests.swift */,
				F3C2C608ADD9A862BE8A054E /* RuntimeVerificationPermissionPolicyTests.swift */,
				D97ECBF169A76FA69A221EE0 /* RuntimeVerificationSnapshotProjectorTests.swift */,
				B67ED979FFCBC3875345D1B6 /* RuntimeVerificationWindowSelectorTests.swift */,
				CF5656CA14C9CC8E0001F8F6 /* ScreenCaptureSetupPolicyTests.swift */,
				402B0930A4297FE5E924C6C1 /* SlideVisionAnalyzerTests.swift */,
			);
			path = Tests;
			sourceTree = "<group>";
		};
		D23D7859A4951727FAE71673 /* App */ = {
			isa = PBXGroup;
			children = (
				F453CD2C95C2282F00144BE6 /* AppModel.swift */,
				019E6AC260CFEF3D74B974DA /* CaptureControlPolicy.swift */,
				E04EF776DA4EBC416EA06D9D /* DemoBoardSceneFactory.swift */,
				9B499872216DD6E899C79E0C /* DigitalInkStyle.swift */,
				2FA791C51645A1AC2C207D65 /* LectureBoardAIApp.swift */,
			);
			path = App;
			sourceTree = "<group>";
		};
		D8AB5B7E676BFCBB5999DC02 /* Rendering */ = {
			isa = PBXGroup;
			children = (
				05E93A3CA108A8AC8C8696E3 /* BoardSceneView.swift */,
			);
			path = Rendering;
			sourceTree = "<group>";
		};
		E613847A36C3744A8E3F5E87 /* Capture */ = {
			isa = PBXGroup;
			children = (
				F2F5A3F602842353D19BC808 /* CaptureDeliveryMetrics.swift */,
				36EBA2242EDDEAFFC9EC70E3 /* PowerPointWindowCapture.swift */,
			);
			path = Capture;
			sourceTree = "<group>";
		};
		E935C0E20C7DDEA9D4E288B7 /* Services */ = {
			isa = PBXGroup;
			children = (
				A5573FE4ABFD2053A04418C2 /* OverlayWindowController.swift */,
				AC0C298019BDB7A1A84A3DE9 /* PermissionService.swift */,
				429088ABAAB561CE5382EE67 /* PowerPointWindowScanner.swift */,
				E613847A36C3744A8E3F5E87 /* Capture */,
				5B5129B2B471663AABBBB05C /* Image */,
				957ECFCC42D3F06FCAC0F49D /* Transcription */,
				AC3829D4703268AC02D433EE /* Vision */,
			);
			path = Services;
			sourceTree = "<group>";
		};
		F0235CBDFBF36CFEB426E048 /* LectureBoardAI */ = {
			isa = PBXGroup;
			children = (
				658535333DA19004BBB845A4 /* Resources */,
				5626F39D2A830DBA83B08042 /* Sources */,
				BAC09F1628C24FC26CA969B3 /* Tests */,
			);
			path = LectureBoardAI;
			sourceTree = "<group>";
		};
		FDDDBA812BF7801F5FD842DB = {
			isa = PBXGroup;
			children = (
				F0235CBDFBF36CFEB426E048 /* LectureBoardAI */,
				4568A8C5082739797AD2E31D /* Packages */,
				64736CA4C49959181B437FC3 /* Products */,
			);
			sourceTree = "<group>";
		};
/* End PBXGroup section */

/* Begin PBXNativeTarget section */
		D9F0047996F3E5AD6EFCA2E0 /* LectureBoardAITests */ = {
			isa = PBXNativeTarget;
			buildConfigurationList = D74EA5A8C546778CA75AB4E0 /* Build configuration list for PBXNativeTarget "LectureBoardAITests" */;
			buildPhases = (
				26032B22E004B4EBF274A238 /* Sources */,
			);
			buildRules = (
			);
			dependencies = (
				ABABAD69B402F550A2B21CDD /* PBXTargetDependency */,
			);
			name = LectureBoardAITests;
			packageProductDependencies = (
			);
			productName = LectureBoardAITests;
			productReference = 20F2BB381CD97FBF611B74A8 /* LectureBoardAITests.xctest */;
			productType = "com.apple.product-type.bundle.unit-test";
		};
		DEDBB62048684E7ECE339680 /* LectureBoardAI */ = {
			isa = PBXNativeTarget;
			buildConfigurationList = 1B8CD9E30857CA876CE4978C /* Build configuration list for PBXNativeTarget "LectureBoardAI" */;
			buildPhases = (
				C1A63DD328A7AD453D6A6A46 /* Sources */,
				9FDEBAC574A7A680B43C60EF /* Resources */,
				8503B846AC44DAE88CE07349 /* Frameworks */,
			);
			buildRules = (
			);
			dependencies = (
			);
			name = LectureBoardAI;
			packageProductDependencies = (
				0EB3F3B07961AFF36A2CE4ED /* LectureBoardCore */,
			);
			productName = LectureBoardAI;
			productReference = 123F3F9F12EBE7BBC381195F /* LectureBoardAI.app */;
			productType = "com.apple.product-type.application";
		};
/* End PBXNativeTarget section */

/* Begin PBXProject section */
		B11498035DC6233EB2CE5CAD /* Project object */ = {
			isa = PBXProject;
			attributes = {
				BuildIndependentTargetsInParallel = YES;
				LastUpgradeCheck = 2600;
				TargetAttributes = {
					DEDBB62048684E7ECE339680 = {
						ProvisioningStyle = Automatic;
					};
				};
			};
			buildConfigurationList = 3120CA044A6CDFF917B0C001 /* Build configuration list for PBXProject "LectureBoardAI" */;
			developmentRegion = en;
			hasScannedForEncodings = 0;
			knownRegions = (
				Base,
				en,
				ja,
			);
			mainGroup = FDDDBA812BF7801F5FD842DB;
			minimizedProjectReferenceProxies = 1;
			packageReferences = (
				8A12C3F97E9AD16544DBDB48 /* XCLocalSwiftPackageReference "Packages/LectureBoardCore" */,
			);
			preferredProjectObjectVersion = 90;
			productRefGroup = 64736CA4C49959181B437FC3 /* Products */;
			projectDirPath = "";
			projectRoot = "";
			targets = (
				DEDBB62048684E7ECE339680 /* LectureBoardAI */,
				D9F0047996F3E5AD6EFCA2E0 /* LectureBoardAITests */,
			);
		};
/* End PBXProject section */

/* Begin PBXResourcesBuildPhase section */
		9FDEBAC574A7A680B43C60EF /* Resources */ = {
			isa = PBXResourcesBuildPhase;
			buildActionMask = 2147483647;
			files = (
				AC53C9C8222F10B0AA4376BC /* Localizable.strings in Resources */,
			);
			runOnlyForDeploymentPostprocessing = 0;
		};
/* End PBXResourcesBuildPhase section */

/* Begin PBXSourcesBuildPhase section */
		26032B22E004B4EBF274A238 /* Sources */ = {
			isa = PBXSourcesBuildPhase;
			buildActionMask = 2147483647;
			files = (
				A94CFE60E848E7A8640904F8 /* AppContentChangeIntegrationTests.swift in Sources */,
				F1FEBFE97ACB4D8D35C3E2B2 /* AppModelPermissionTests.swift in Sources */,
				E574DF31282514A1E8639F81 /* CGImageRasterizerTests.swift in Sources */,
				F891F282AEFE78BA51F7731B /* CaptureControlPolicyTests.swift in Sources */,
				C1E5CF6CF8A5B98C6408571D /* CaptureDeliveryMetricsTests.swift in Sources */,
				53537409C4AF944D620CEEE3 /* CaptureLifecycleTests.swift in Sources */,
				58032BACDC7958B9DF1816E7 /* LocalizationResourceTests.swift in Sources */,
				7A73BFDCA604A4E2603BF2D2 /* PermissionServiceTests.swift in Sources */,
				B9CE3E736D7119F11F2F8E43 /* PowerPointWindowIdentityTests.swift in Sources */,
				5761707899B7C6D6AA9990B0 /* RuntimeVerificationLaunchPolicyTests.swift in Sources */,
				21DC587215C72D20CEA81EB2 /* RuntimeVerificationPermissionPolicyTests.swift in Sources */,
				F1B2904112B349E990E8D233 /* RuntimeVerificationSnapshotProjectorTests.swift in Sources */,
				1CFEB3D0827FEABA39C4E7F9 /* RuntimeVerificationWindowSelectorTests.swift in Sources */,
				3135AFAA4AAC399B9D13D2D8 /* ScreenCaptureSetupPolicyTests.swift in Sources */,
				F399B14580089526F78D48EE /* SlideVisionAnalyzerTests.swift in Sources */,
			);
			runOnlyForDeploymentPostprocessing = 0;
		};
		C1A63DD328A7AD453D6A6A46 /* Sources */ = {
			isa = PBXSourcesBuildPhase;
			buildActionMask = 2147483647;
			files = (
				8101E217E14EB3CD58DCC807 /* AppModel.swift in Sources */,
				32B0BAD8455006EF069C6262 /* AppleSpeechRecognizerProvider.swift in Sources */,
				BCCABA8DA4C54B7098EC2786 /* BoardPreviewView.swift in Sources */,
				C03D6DDCDD59F00FA72354B2 /* BoardSceneView.swift in Sources */,
				F750959DD0EF234E3C9741D1 /* CGImageRasterizer.swift in Sources */,
				7D0F7C013D60CAF470AB49D3 /* CaptureControlPolicy.swift in Sources */,
				FA8A091FE570FCED26DDDE9E /* CaptureDeliveryMetrics.swift in Sources */,
				D2928CBE9C5434FD2164CA68 /* DemoBoardSceneFactory.swift in Sources */,
				CEDB5ACD9C3AC7C25D9D68E8 /* DigitalInkStyle.swift in Sources */,
				5FCFB9CC3030B9EA0311AB64 /* LectureBoardAIApp.swift in Sources */,
				5F3046B9FDDCA5989CE8FC26 /* MainView.swift in Sources */,
				CF826F4110B15951FC312EA1 /* OverlayWindowController.swift in Sources */,
				E904C6056388B007AD5463BF /* PermissionService.swift in Sources */,
				FB6E814A1A2348D441594CAD /* PowerPointWindowCapture.swift in Sources */,
				15FFBF0DF73C011FD03FC62F /* PowerPointWindowScanner.swift in Sources */,
				62E4D20F0F695EFC53BD25FF /* RuntimeVerificationApplicationDelegate.swift in Sources */,
				D246E75CC4EC3135D57F194F /* RuntimeVerificationHostView.swift in Sources */,
				170B4EBB32FCC514A6F1DD12 /* RuntimeVerificationPermissionPolicy.swift in Sources */,
				0C1C9DD2DB8B6C95CC6C1295 /* RuntimeVerificationReportWriter.swift in Sources */,
				9090BCC90A84A8C83D6F189B /* RuntimeVerificationRunner.swift in Sources */,
				870663B764FE1F02EDD9165D /* RuntimeVerificationSnapshotProjector.swift in Sources */,
				C7B05EF9776D9F2B71FEDDA6 /* RuntimeVerificationWindowSelector.swift in Sources */,
				962ACFE2A3B95063564923E7 /* ScreenCaptureSetupPolicy.swift in Sources */,
				688BEC5EF09CC3DB0CD7A231 /* SettingsView.swift in Sources */,
				DD91F76CC3DA3E2EF12AC7C0 /* SlideVisionAnalyzer.swift in Sources */,
				1C738559CA669F8BB7BC0D5B /* TranscriptionProvider.swift in Sources */,
			);
			runOnlyForDeploymentPostprocessing = 0;
		};
/* End PBXSourcesBuildPhase section */

/* Begin PBXTargetDependency section */
		ABABAD69B402F550A2B21CDD /* PBXTargetDependency */ = {
			isa = PBXTargetDependency;
			target = DEDBB62048684E7ECE339680 /* LectureBoardAI */;
			targetProxy = 311158B26F7CC924E3A9B9D3 /* PBXContainerItemProxy */;
		};
/* End PBXTargetDependency section */

/* Begin PBXVariantGroup section */
		2D90DEE7480CF5D2E10E8C89 /* Localizable.strings */ = {
			isa = PBXVariantGroup;
			children = (
				BB48E27694DDD7D750304ECA /* en */,
				C8848AFFCB2883C4DBFC994F /* ja */,
			);
			name = Localizable.strings;
			sourceTree = "<group>";
		};
/* End PBXVariantGroup section */

/* Begin XCBuildConfiguration section */
		30236128E96EFA66F9FC9575 /* Debug */ = {
			isa = XCBuildConfiguration;
			buildSettings = {
				BUNDLE_LOADER = "$(TEST_HOST)";
				COMBINE_HIDPI_IMAGES = YES;
				GENERATE_INFOPLIST_FILE = YES;
				LD_RUNPATH_SEARCH_PATHS = (
					"$(inherited)",
					"@executable_path/../Frameworks",
					"@loader_path/../Frameworks",
				);
				MACOSX_DEPLOYMENT_TARGET = 26.0;
				PRODUCT_BUNDLE_IDENTIFIER = io.github.akiyama709.LectureBoardAITests;
				SDKROOT = macosx;
				TEST_HOST = "$(BUILT_PRODUCTS_DIR)/LectureBoard AI.app/Contents/MacOS/LectureBoard AI";
			};
			name = Debug;
		};
		66C424A211A489BEB68915AF /* Debug */ = {
			isa = XCBuildConfiguration;
			buildSettings = {
				ALWAYS_SEARCH_USER_PATHS = NO;
				CLANG_ANALYZER_NONNULL = YES;
				CLANG_ANALYZER_NUMBER_OBJECT_CONVERSION = YES_AGGRESSIVE;
				CLANG_CXX_LANGUAGE_STANDARD = "gnu++14";
				CLANG_CXX_LIBRARY = "libc++";
				CLANG_ENABLE_MODULES = YES;
				CLANG_ENABLE_OBJC_ARC = YES;
				CLANG_ENABLE_OBJC_WEAK = YES;
				CLANG_WARN_BLOCK_CAPTURE_AUTORELEASING = YES;
				CLANG_WARN_BOOL_CONVERSION = YES;
				CLANG_WARN_COMMA = YES;
				CLANG_WARN_CONSTANT_CONVERSION = YES;
				CLANG_WARN_DEPRECATED_OBJC_IMPLEMENTATIONS = YES;
				CLANG_WARN_DIRECT_OBJC_ISA_USAGE = YES_ERROR;
				CLANG_WARN_DOCUMENTATION_COMMENTS = YES;
				CLANG_WARN_EMPTY_BODY = YES;
				CLANG_WARN_ENUM_CONVERSION = YES;
				CLANG_WARN_INFINITE_RECURSION = YES;
				CLANG_WARN_INT_CONVERSION = YES;
				CLANG_WARN_NON_LITERAL_NULL_CONVERSION = YES;
				CLANG_WARN_OBJC_IMPLICIT_RETAIN_SELF = YES;
				CLANG_WARN_OBJC_LITERAL_CONVERSION = YES;
				CLANG_WARN_OBJC_ROOT_CLASS = YES_ERROR;
				CLANG_WARN_QUOTED_INCLUDE_IN_FRAMEWORK_HEADER = YES;
				CLANG_WARN_RANGE_LOOP_ANALYSIS = YES;
				CLANG_WARN_STRICT_PROTOTYPES = YES;
				CLANG_WARN_SUSPICIOUS_MOVE = YES;
				CLANG_WARN_UNGUARDED_AVAILABILITY = YES_AGGRESSIVE;
				CLANG_WARN_UNREACHABLE_CODE = YES;
				CLANG_WARN__DUPLICATE_METHOD_MATCH = YES;
				COPY_PHASE_STRIP = NO;
				DEBUG_INFORMATION_FORMAT = dwarf;
				ENABLE_HARDENED_RUNTIME = YES;
				ENABLE_STRICT_OBJC_MSGSEND = YES;
				ENABLE_TESTABILITY = YES;
				GCC_C_LANGUAGE_STANDARD = gnu11;
				GCC_DYNAMIC_NO_PIC = NO;
				GCC_NO_COMMON_BLOCKS = YES;
				GCC_OPTIMIZATION_LEVEL = 0;
				GCC_PREPROCESSOR_DEFINITIONS = (
					"$(inherited)",
					"DEBUG=1",
				);
				GCC_WARN_64_TO_32_BIT_CONVERSION = YES;
				GCC_WARN_ABOUT_RETURN_TYPE = YES_ERROR;
				GCC_WARN_UNDECLARED_SELECTOR = YES;
				GCC_WARN_UNINITIALIZED_AUTOS = YES_AGGRESSIVE;
				GCC_WARN_UNUSED_FUNCTION = YES;
				GCC_WARN_UNUSED_VARIABLE = YES;
				MACOSX_DEPLOYMENT_TARGET = 26.0;
				MTL_ENABLE_DEBUG_INFO = INCLUDE_SOURCE;
				MTL_FAST_MATH = YES;
				ONLY_ACTIVE_ARCH = YES;
				PRODUCT_NAME = "$(TARGET_NAME)";
				SDKROOT = macosx;
				SWIFT_ACTIVE_COMPILATION_CONDITIONS = DEBUG;
				SWIFT_OPTIMIZATION_LEVEL = "-Onone";
				SWIFT_STRICT_CONCURRENCY = complete;
				SWIFT_VERSION = 6.0;
			};
			name = Debug;
		};
		78952D42EA457C531DC8B957 /* Release */ = {
			isa = XCBuildConfiguration;
			buildSettings = {
				ASSETCATALOG_COMPILER_APPICON_NAME = AppIcon;
				CODE_SIGN_STYLE = Automatic;
				COMBINE_HIDPI_IMAGES = YES;
				CURRENT_PROJECT_VERSION = 1;
				GENERATE_INFOPLIST_FILE = YES;
				INFOPLIST_KEY_CFBundleDisplayName = "LectureBoard AI";
				INFOPLIST_KEY_LSApplicationCategoryType = "public.app-category.education";
				INFOPLIST_KEY_NSHighResolutionCapable = YES;
				INFOPLIST_KEY_NSHumanReadableCopyright = "Copyright © 2026 Tomohiro Akiyama";
				INFOPLIST_KEY_NSMicrophoneUsageDescription = "LectureBoard AI uses the microphone to transcribe the lecturer and identify material that may be useful to place on the board.";
				INFOPLIST_KEY_NSScreenCaptureUsageDescription = "LectureBoard AI observes the selected PowerPoint window to identify slide content and unused space.";
				INFOPLIST_KEY_NSSpeechRecognitionUsageDescription = "LectureBoard AI uses speech recognition to create grounded lecture-board annotations.";
				LD_RUNPATH_SEARCH_PATHS = (
					"$(inherited)",
					"@executable_path/../Frameworks",
				);
				MACOSX_DEPLOYMENT_TARGET = 26.0;
				MARKETING_VERSION = 0.1.0;
				PRODUCT_BUNDLE_IDENTIFIER = io.github.akiyama709.LectureBoardAI;
				PRODUCT_NAME = "LectureBoard AI";
				SDKROOT = macosx;
			};
			name = Release;
		};
		8583D14FBA93C43A14EDB19D /* Debug */ = {
			isa = XCBuildConfiguration;
			buildSettings = {
				ASSETCATALOG_COMPILER_APPICON_NAME = AppIcon;
				CODE_SIGN_STYLE = Automatic;
				COMBINE_HIDPI_IMAGES = YES;
				CURRENT_PROJECT_VERSION = 1;
				GENERATE_INFOPLIST_FILE = YES;
				INFOPLIST_KEY_CFBundleDisplayName = "LectureBoard AI";
				INFOPLIST_KEY_LSApplicationCategoryType = "public.app-category.education";
				INFOPLIST_KEY_NSHighResolutionCapable = YES;
				INFOPLIST_KEY_NSHumanReadableCopyright = "Copyright © 2026 Tomohiro Akiyama";
				INFOPLIST_KEY_NSMicrophoneUsageDescription = "LectureBoard AI uses the microphone to transcribe the lecturer and identify material that may be useful to place on the board.";
				INFOPLIST_KEY_NSScreenCaptureUsageDescription = "LectureBoard AI observes the selected PowerPoint window to identify slide content and unused space.";
				INFOPLIST_KEY_NSSpeechRecognitionUsageDescription = "LectureBoard AI uses speech recognition to create grounded lecture-board annotations.";
				LD_RUNPATH_SEARCH_PATHS = (
					"$(inherited)",
					"@executable_path/../Frameworks",
				);
				MACOSX_DEPLOYMENT_TARGET = 26.0;
				MARKETING_VERSION = 0.1.0;
				PRODUCT_BUNDLE_IDENTIFIER = io.github.akiyama709.LectureBoardAI;
				PRODUCT_NAME = "LectureBoard AI";
				SDKROOT = macosx;
			};
			name = Debug;
		};
		8721881C1BC0D9352BB691FC /* Release */ = {
			isa = XCBuildConfiguration;
			buildSettings = {
				ALWAYS_SEARCH_USER_PATHS = NO;
				CLANG_ANALYZER_NONNULL = YES;
				CLANG_ANALYZER_NUMBER_OBJECT_CONVERSION = YES_AGGRESSIVE;
				CLANG_CXX_LANGUAGE_STANDARD = "gnu++14";
				CLANG_CXX_LIBRARY = "libc++";
				CLANG_ENABLE_MODULES = YES;
				CLANG_ENABLE_OBJC_ARC = YES;
				CLANG_ENABLE_OBJC_WEAK = YES;
				CLANG_WARN_BLOCK_CAPTURE_AUTORELEASING = YES;
				CLANG_WARN_BOOL_CONVERSION = YES;
				CLANG_WARN_COMMA = YES;
				CLANG_WARN_CONSTANT_CONVERSION = YES;
				CLANG_WARN_DEPRECATED_OBJC_IMPLEMENTATIONS = YES;
				CLANG_WARN_DIRECT_OBJC_ISA_USAGE = YES_ERROR;
				CLANG_WARN_DOCUMENTATION_COMMENTS = YES;
				CLANG_WARN_EMPTY_BODY = YES;
				CLANG_WARN_ENUM_CONVERSION = YES;
				CLANG_WARN_INFINITE_RECURSION = YES;
				CLANG_WARN_INT_CONVERSION = YES;
				CLANG_WARN_NON_LITERAL_NULL_CONVERSION = YES;
				CLANG_WARN_OBJC_IMPLICIT_RETAIN_SELF = YES;
				CLANG_WARN_OBJC_LITERAL_CONVERSION = YES;
				CLANG_WARN_OBJC_ROOT_CLASS = YES_ERROR;
				CLANG_WARN_QUOTED_INCLUDE_IN_FRAMEWORK_HEADER = YES;
				CLANG_WARN_RANGE_LOOP_ANALYSIS = YES;
				CLANG_WARN_STRICT_PROTOTYPES = YES;
				CLANG_WARN_SUSPICIOUS_MOVE = YES;
				CLANG_WARN_UNGUARDED_AVAILABILITY = YES_AGGRESSIVE;
				CLANG_WARN_UNREACHABLE_CODE = YES;
				CLANG_WARN__DUPLICATE_METHOD_MATCH = YES;
				COPY_PHASE_STRIP = NO;
				DEBUG_INFORMATION_FORMAT = "dwarf-with-dsym";
				ENABLE_HARDENED_RUNTIME = YES;
				ENABLE_NS_ASSERTIONS = NO;
				ENABLE_STRICT_OBJC_MSGSEND = YES;
				GCC_C_LANGUAGE_STANDARD = gnu11;
				GCC_NO_COMMON_BLOCKS = YES;
				GCC_WARN_64_TO_32_BIT_CONVERSION = YES;
				GCC_WARN_ABOUT_RETURN_TYPE = YES_ERROR;
				GCC_WARN_UNDECLARED_SELECTOR = YES;
				GCC_WARN_UNINITIALIZED_AUTOS = YES_AGGRESSIVE;
				GCC_WARN_UNUSED_FUNCTION = YES;
				GCC_WARN_UNUSED_VARIABLE = YES;
				MACOSX_DEPLOYMENT_TARGET = 26.0;
				MTL_ENABLE_DEBUG_INFO = NO;
				MTL_FAST_MATH = YES;
				PRODUCT_NAME = "$(TARGET_NAME)";
				SDKROOT = macosx;
				SWIFT_COMPILATION_MODE = wholemodule;
				SWIFT_OPTIMIZATION_LEVEL = "-O";
				SWIFT_STRICT_CONCURRENCY = complete;
				SWIFT_VERSION = 6.0;
			};
			name = Release;
		};
		B98B497C348D587BD25632ED /* Release */ = {
			isa = XCBuildConfiguration;
			buildSettings = {
				BUNDLE_LOADER = "$(TEST_HOST)";
				COMBINE_HIDPI_IMAGES = YES;
				GENERATE_INFOPLIST_FILE = YES;
				LD_RUNPATH_SEARCH_PATHS = (
					"$(inherited)",
					"@executable_path/../Frameworks",
					"@loader_path/../Frameworks",
				);
				MACOSX_DEPLOYMENT_TARGET = 26.0;
				PRODUCT_BUNDLE_IDENTIFIER = io.github.akiyama709.LectureBoardAITests;
				SDKROOT = macosx;
				TEST_HOST = "$(BUILT_PRODUCTS_DIR)/LectureBoard AI.app/Contents/MacOS/LectureBoard AI";
			};
			name = Release;
		};
/* End XCBuildConfiguration section */

/* Begin XCConfigurationList section */
		1B8CD9E30857CA876CE4978C /* Build configuration list for PBXNativeTarget "LectureBoardAI" */ = {
			isa = XCConfigurationList;
			buildConfigurations = (
				8583D14FBA93C43A14EDB19D /* Debug */,
				78952D42EA457C531DC8B957 /* Release */,
			);
			defaultConfigurationIsVisible = 0;
			defaultConfigurationName = Debug;
		};
		3120CA044A6CDFF917B0C001 /* Build configuration list for PBXProject "LectureBoardAI" */ = {
			isa = XCConfigurationList;
			buildConfigurations = (
				66C424A211A489BEB68915AF /* Debug */,
				8721881C1BC0D9352BB691FC /* Release */,
			);
			defaultConfigurationIsVisible = 0;
			defaultConfigurationName = Debug;
		};
		D74EA5A8C546778CA75AB4E0 /* Build configuration list for PBXNativeTarget "LectureBoardAITests" */ = {
			isa = XCConfigurationList;
			buildConfigurations = (
				30236128E96EFA66F9FC9575 /* Debug */,
				B98B497C348D587BD25632ED /* Release */,
			);
			defaultConfigurationIsVisible = 0;
			defaultConfigurationName = Debug;
		};
/* End XCConfigurationList section */

/* Begin XCLocalSwiftPackageReference section */
		8A12C3F97E9AD16544DBDB48 /* XCLocalSwiftPackageReference "Packages/LectureBoardCore" */ = {
			isa = XCLocalSwiftPackageReference;
			relativePath = Packages/LectureBoardCore;
		};
/* End XCLocalSwiftPackageReference section */

/* Begin XCSwiftPackageProductDependency section */
		0EB3F3B07961AFF36A2CE4ED /* LectureBoardCore */ = {
			isa = XCSwiftPackageProductDependency;
			productName = LectureBoardCore;
		};
/* End XCSwiftPackageProductDependency section */
	};
	rootObject = B11498035DC6233EB2CE5CAD /* Project object */;
}
